
Microsoft Visual Studio Solution File, Format Version 12.00
# Visual Studio 15
Project("{FAE04EC0-301F-11D3-BF4B-00C04F79EFBC}") = "hello-name", "ch2-exercises\hello-name.csproj", "{570F9762-2877-441F-87FF-AFF37EF8C6F9}"
EndProject
Project("{FAE04EC0-301F-11D3-BF4B-00C04F79EFBC}") = "numeric-types", "numeric-types\numeric-types.csproj", "{2175B50F-2F55-423A-8254-9502BD8C2574}"
EndProject
Project("{FAE04EC0-301F-11D3-BF4B-00C04F79EFBC}") = "mpg", "mpg\mpg.csproj", "{F165F24A-560C-46C7-BEE5-5A6EF8A41AD8}"
EndProject
Project("{FAE04EC0-301F-11D3-BF4B-00C04F79EFBC}") = "strings", "strings\strings.csproj", "{191A1A11-C106-4FA7-A896-68499042140B}"
EndProject
Global
	GlobalSection(SolutionConfigurationPlatforms) = preSolution
		Debug|Any CPU = Debug|Any CPU
		Release|Any CPU = Release|Any CPU
	EndGlobalSection
	GlobalSection(ProjectConfigurationPlatforms) = postSolution
		{570F9762-2877-441F-87FF-AFF37EF8C6F9}.Debug|Any CPU.ActiveCfg = Debug|Any CPU
		{570F9762-2877-441F-87FF-AFF37EF8C6F9}.Debug|Any CPU.Build.0 = Debug|Any CPU
		{570F9762-2877-441F-87FF-AFF37EF8C6F9}.Release|Any CPU.ActiveCfg = Release|Any CPU
		{570F9762-2877-441F-87FF-AFF37EF8C6F9}.Release|Any CPU.Build.0 = Release|Any CPU
		{2175B50F-2F55-423A-8254-9502BD8C2574}.Debug|Any CPU.ActiveCfg = Debug|Any CPU
		{2175B50F-2F55-423A-8254-9502BD8C2574}.Debug|Any CPU.Build.0 = Debug|Any CPU
		{2175B50F-2F55-423A-8254-9502BD8C2574}.Release|Any CPU.ActiveCfg = Release|Any CPU
		{2175B50F-2F55-423A-8254-9502BD8C2574}.Release|Any CPU.Build.0 = Release|Any CPU
		{F165F24A-560C-46C7-BEE5-5A6EF8A41AD8}.Debug|Any CPU.ActiveCfg = Debug|Any CPU
		{F165F24A-560C-46C7-BEE5-5A6EF8A41AD8}.Debug|Any CPU.Build.0 = Debug|Any CPU
		{F165F24A-560C-46C7-BEE5-5A6EF8A41AD8}.Release|Any CPU.ActiveCfg = Release|Any CPU
		{F165F24A-560C-46C7-BEE5-5A6EF8A41AD8}.Release|Any CPU.Build.0 = Release|Any CPU
		{191A1A11-C106-4FA7-A896-68499042140B}.Debug|Any CPU.ActiveCfg = Debug|Any CPU
		{191A1A11-C106-4FA7-A896-68499042140B}.Debug|Any CPU.Build.0 = Debug|Any CPU
		{191A1A11-C106-4FA7-A896-68499042140B}.Release|Any CPU.ActiveCfg = Release|Any CPU
		{191A1A11-C106-4FA7-A896-68499042140B}.Release|Any CPU.Build.0 = Release|Any CPU
	EndGlobalSection
EndGlobal
